PODS:
  - ReachabilitySwift (4.3.1)
  - SnapKit (5.0.1)

DEPENDENCIES:
  - ReachabilitySwift
  - SnapKit

SPEC REPOS:
  trunk:
    - ReachabilitySwift
    - SnapKit

SPEC CHECKSUMS:
  ReachabilitySwift: 4032e2f59586e11e3b0ebe15b167abdd587a388b
  SnapKit: 97b92857e3df3a0c71833cce143274bf6ef8e5eb

PODFILE CHECKSUM: 43773a522524a68ca378a14e10a31e02488ab064

COCOAPODS: 1.8.3
